// !$*UTF8*$!
{
	archiveVersion = 1;
	classes = {
	};
	objectVersion = 56;
	objects = {

/* Begin PBXBuildFile section */
		E0123F012B772E9E004690DB /* airplane_ambience.wav in Resources */ = {isa = PBXBuildFile; fileRef = E0123EF52B772E9E004690DB /* airplane_ambience.wav */; };
		E0123F022B772E9E004690DB /* mediumrain.wav in Resources */ = {isa = PBXBuildFile; fileRef = E0123EF62B772E9E004690DB /* mediumrain.wav */; };
		E0123F032B772E9E004690DB /* rain_session.wav in Resources */ = {isa = PBXBuildFile; fileRef = E0123EF72B772E9E004690DB /* rain_session.wav */; };
		E0123F042B772E9E004690DB /* ruido_whitenoise.wav in Resources */ = {isa = PBXBuildFile; fileRef = E0123EF82B772E9E004690DB /* ruido_whitenoise.wav */; };
		E0123F052B772E9E004690DB /* whitenoise.wav in Resources */ = {isa = PBXBuildFile; fileRef = E0123EF92B772E9E004690DB /* whitenoise.wav */; };
		E0123F062B772E9E004690DB /* lightrain_small.wav in Resources */ = {isa = PBXBuildFile; fileRef = E0123EFA2B772E9E004690DB /* lightrain_small.wav */; };
		E0123F072B772E9E004690DB /* pinknoise.wav in Resources */ = {isa = PBXBuildFile; fileRef = E0123EFB2B772E9E004690DB /* pinknoise.wav */; };
		E0123F082B772E9E004690DB /* brownnoise.wav in Resources */ = {isa = PBXBuildFile; fileRef = E0123EFC2B772E9E004690DB /* brownnoise.wav */; };
		E0123F092B772E9E004690DB /* electricfan.wav in Resources */ = {isa = PBXBuildFile; fileRef = E0123EFD2B772E9E004690DB /* electricfan.wav */; };
		E0123F0A2B772E9E004690DB /* restaurant.wav in Resources */ = {isa = PBXBuildFile; fileRef = E0123EFE2B772E9E004690DB /* restaurant.wav */; };
		E0123F0B2B772E9E004690DB /* lightrain.wav in Resources */ = {isa = PBXBuildFile; fileRef = E0123EFF2B772E9E004690DB /* lightrain.wav */; };
		E0123F0C2B772E9E004690DB /* industrialfan.wav in Resources */ = {isa = PBXBuildFile; fileRef = E0123F002B772E9E004690DB /* industrialfan.wav */; };
		E0123F252B777B07004690DB /* Snapshots.swift in Sources */ = {isa = PBXBuildFile; fileRef = E0123F152B777A9D004690DB /* Snapshots.swift */; };
		E0123F262B777B29004690DB /* SnapshotHelper.swift in Sources */ = {isa = PBXBuildFile; fileRef = E0123F112B776C40004690DB /* SnapshotHelper.swift */; };
		E01BBE0C2B62FCC80040A30C /* SoundManager.swift in Sources */ = {isa = PBXBuildFile; fileRef = E01BBE0B2B62FCC80040A30C /* SoundManager.swift */; };
		E01BBE0F2B62FFA80040A30C /* SoundResource.swift in Sources */ = {isa = PBXBuildFile; fileRef = E01BBE0E2B62FFA80040A30C /* SoundResource.swift */; };
		E01BBE112B62FFB20040A30C /* Volume.swift in Sources */ = {isa = PBXBuildFile; fileRef = E01BBE102B62FFB20040A30C /* Volume.swift */; };
		E01BBE172B631D620040A30C /* TimePicker.swift in Sources */ = {isa = PBXBuildFile; fileRef = E01BBE162B631D620040A30C /* TimePicker.swift */; };
		E06F83582B633EC4004A1F6F /* UserDefaults.swift in Sources */ = {isa = PBXBuildFile; fileRef = E06F83572B633EC4004A1F6F /* UserDefaults.swift */; };
		E0884A862B61F88C008F3829 /* SoundLevelTile.swift in Sources */ = {isa = PBXBuildFile; fileRef = E0884A852B61F88C008F3829 /* SoundLevelTile.swift */; };
		E0884A892B61FFD8008F3829 /* SwiftySound in Frameworks */ = {isa = PBXBuildFile; productRef = E0884A882B61FFD8008F3829 /* SwiftySound */; };
		E0D32A992B61B9A3001E6A16 /* OpenSleepSoundsApp.swift in Sources */ = {isa = PBXBuildFile; fileRef = E0D32A982B61B9A3001E6A16 /* OpenSleepSoundsApp.swift */; };
		E0D32A9B2B61B9A3001E6A16 /* ContentView.swift in Sources */ = {isa = PBXBuildFile; fileRef = E0D32A9A2B61B9A3001E6A16 /* ContentView.swift */; };
		E0D32A9F2B61B9A7001E6A16 /* Assets.xcassets in Resources */ = {isa = PBXBuildFile; fileRef = E0D32A9E2B61B9A7001E6A16 /* Assets.xcassets */; };
		E0D32AA32B61B9A7001E6A16 /* Preview Assets.xcassets in Resources */ = {isa = PBXBuildFile; fileRef = E0D32AA22B61B9A7001E6A16 /* Preview Assets.xcassets */; };
		E0D32AAD2B61B9A7001E6A16 /* OpenSleepSoundsTests.swift in Sources */ = {isa = PBXBuildFile; fileRef = E0D32AAC2B61B9A7001E6A16 /* OpenSleepSoundsTests.swift */; };
		E0D32AB72B61B9A7001E6A16 /* OpenSleepSoundsUITests.swift in Sources */ = {isa = PBXBuildFile; fileRef = E0D32AB62B61B9A7001E6A16 /* OpenSleepSoundsUITests.swift */; };
		E0D32AC62B61CB88001E6A16 /* SoundPresetTile.swift in Sources */ = {isa = PBXBuildFile; fileRef = E0D32AC52B61CB88001E6A16 /* SoundPresetTile.swift */; };
		E0D32AC82B61CE1D001E6A16 /* Theme.swift in Sources */ = {isa = PBXBuildFile; fileRef = E0D32AC72B61CE1D001E6A16 /* Theme.swift */; };
		E0D32ACC2B61DE39001E6A16 /* Timer.swift in Sources */ = {isa = PBXBuildFile; fileRef = E0D32ACB2B61DE39001E6A16 /* Timer.swift */; };
/* End PBXBuildFile section */

/* Begin PBXContainerItemProxy section */
		E0123F202B777AFA004690DB /* PBXContainerItemProxy */ = {
			isa = PBXContainerItemProxy;
			containerPortal = E0D32A8D2B61B9A3001E6A16 /* Project object */;
			proxyType = 1;
			remoteGlobalIDString = E0D32A942B61B9A3001E6A16;
			remoteInfo = OpenSleepSounds;
		};
		E0D32AA92B61B9A7001E6A16 /* PBXContainerItemProxy */ = {
			isa = PBXContainerItemProxy;
			containerPortal = E0D32A8D2B61B9A3001E6A16 /* Project object */;
			proxyType = 1;
			remoteGlobalIDString = E0D32A942B61B9A3001E6A16;
			remoteInfo = OpenSleepSounds;
		};
		E0D32AB32B61B9A7001E6A16 /* PBXContainerItemProxy */ = {
			isa = PBXContainerItemProxy;
			containerPortal = E0D32A8D2B61B9A3001E6A16 /* Project object */;
			proxyType = 1;
			remoteGlobalIDString = E0D32A942B61B9A3001E6A16;
			remoteInfo = OpenSleepSounds;
		};
/* End PBXContainerItemProxy section */

/* Begin PBXFileReference section */
		E0123EF52B772E9E004690DB /* airplane_ambience.wav */ = {isa = PBXFileReference; lastKnownFileType = audio.wav; path = airplane_ambience.wav; sourceTree = "<group>"; };
		E0123EF62B772E9E004690DB /* mediumrain.wav */ = {isa = PBXFileReference; lastKnownFileType = audio.wav; path = mediumrain.wav; sourceTree = "<group>"; };
		E0123EF72B772E9E004690DB /* rain_session.wav */ = {isa = PBXFileReference; lastKnownFileType = audio.wav; path = rain_session.wav; sourceTree = "<group>"; };
		E0123EF82B772E9E004690DB /* ruido_whitenoise.wav */ = {isa = PBXFileReference; lastKnownFileType = audio.wav; path = ruido_whitenoise.wav; sourceTree = "<group>"; };
		E0123EF92B772E9E004690DB /* whitenoise.wav */ = {isa = PBXFileReference; lastKnownFileType = audio.wav; path = whitenoise.wav; sourceTree = "<group>"; };
		E0123EFA2B772E9E004690DB /* lightrain_small.wav */ = {isa = PBXFileReference; lastKnownFileType = audio.wav; path = lightrain_small.wav; sourceTree = "<group>"; };
		E0123EFB2B772E9E004690DB /* pinknoise.wav */ = {isa = PBXFileReference; lastKnownFileType = audio.wav; path = pinknoise.wav; sourceTree = "<group>"; };
		E0123EFC2B772E9E004690DB /* brownnoise.wav */ = {isa = PBXFileReference; lastKnownFileType = audio.wav; path = brownnoise.wav; sourceTree = "<group>"; };
		E0123EFD2B772E9E004690DB /* electricfan.wav */ = {isa = PBXFileReference; lastKnownFileType = audio.wav; path = electricfan.wav; sourceTree = "<group>"; };
		E0123EFE2B772E9E004690DB /* restaurant.wav */ = {isa = PBXFileReference; lastKnownFileType = audio.wav; path = restaurant.wav; sourceTree = "<group>"; };
		E0123EFF2B772E9E004690DB /* lightrain.wav */ = {isa = PBXFileReference; lastKnownFileType = audio.wav; path = lightrain.wav; sourceTree = "<group>"; };
		E0123F002B772E9E004690DB /* industrialfan.wav */ = {isa = PBXFileReference; lastKnownFileType = audio.wav; path = industrialfan.wav; sourceTree = "<group>"; };
		E0123F112B776C40004690DB /* SnapshotHelper.swift */ = {isa = PBXFileReference; fileEncoding = 4; lastKnownFileType = sourcecode.swift; name = SnapshotHelper.swift; path = fastlane/SnapshotHelper.swift; sourceTree = SOURCE_ROOT; };
		E0123F152B777A9D004690DB /* Snapshots.swift */ = {isa = PBXFileReference; lastKnownFileType = sourcecode.swift; path = Snapshots.swift; sourceTree = "<group>"; };
		E0123F1A2B777AFA004690DB /* Snapshots.xctest */ = {isa = PBXFileReference; explicitFileType = wrapper.cfbundle; includeInIndex = 0; path = Snapshots.xctest; sourceTree = BUILT_PRODUCTS_DIR; };
		E01BBE0B2B62FCC80040A30C /* SoundManager.swift */ = {isa = PBXFileReference; lastKnownFileType = sourcecode.swift; path = SoundManager.swift; sourceTree = "<group>"; };
		E01BBE0E2B62FFA80040A30C /* SoundResource.swift */ = {isa = PBXFileReference; lastKnownFileType = sourcecode.swift; path = SoundResource.swift; sourceTree = "<group>"; };
		E01BBE102B62FFB20040A30C /* Volume.swift */ = {isa = PBXFileReference; lastKnownFileType = sourcecode.swift; path = Volume.swift; sourceTree = "<group>"; };
		E01BBE162B631D620040A30C /* TimePicker.swift */ = {isa = PBXFileReference; lastKnownFileType = sourcecode.swift; path = TimePicker.swift; sourceTree = "<group>"; };
		E06F83572B633EC4004A1F6F /* UserDefaults.swift */ = {isa = PBXFileReference; lastKnownFileType = sourcecode.swift; path = UserDefaults.swift; sourceTree = "<group>"; };
		E0884A852B61F88C008F3829 /* SoundLevelTile.swift */ = {isa = PBXFileReference; lastKnownFileType = sourcecode.swift; path = SoundLevelTile.swift; sourceTree = "<group>"; };
		E0D32A952B61B9A3001E6A16 /* OpenSleepSounds.app */ = {isa = PBXFileReference; explicitFileType = wrapper.application; includeInIndex = 0; path = OpenSleepSounds.app; sourceTree = BUILT_PRODUCTS_DIR; };
		E0D32A982B61B9A3001E6A16 /* OpenSleepSoundsApp.swift */ = {isa = PBXFileReference; lastKnownFileType = sourcecode.swift; path = OpenSleepSoundsApp.swift; sourceTree = "<group>"; };
		E0D32A9A2B61B9A3001E6A16 /* ContentView.swift */ = {isa = PBXFileReference; lastKnownFileType = sourcecode.swift; path = ContentView.swift; sourceTree = "<group>"; };
		E0D32A9E2B61B9A7001E6A16 /* Assets.xcassets */ = {isa = PBXFileReference; lastKnownFileType = folder.assetcatalog; path = Assets.xcassets; sourceTree = "<group>"; };
		E0D32AA02B61B9A7001E6A16 /* OpenSleepSounds.entitlements */ = {isa = PBXFileReference; lastKnownFileType = text.plist.entitlements; path = OpenSleepSounds.entitlements; sourceTree = "<group>"; };
		E0D32AA22B61B9A7001E6A16 /* Preview Assets.xcassets */ = {isa = PBXFileReference; lastKnownFileType = folder.assetcatalog; path = "Preview Assets.xcassets"; sourceTree = "<group>"; };
		E0D32AA82B61B9A7001E6A16 /* OpenSleepSoundsTests.xctest */ = {isa = PBXFileReference; explicitFileType = wrapper.cfbundle; includeInIndex = 0; path = OpenSleepSoundsTests.xctest; sourceTree = BUILT_PRODUCTS_DIR; };
		E0D32AAC2B61B9A7001E6A16 /* OpenSleepSoundsTests.swift */ = {isa = PBXFileReference; lastKnownFileType = sourcecode.swift; path = OpenSleepSoundsTests.swift; sourceTree = "<group>"; };
		E0D32AB22B61B9A7001E6A16 /* OpenSleepSoundsUITests.xctest */ = {isa = PBXFileReference; explicitFileType = wrapper.cfbundle; includeInIndex = 0; path = OpenSleepSoundsUITests.xctest; sourceTree = BUILT_PRODUCTS_DIR; };
		E0D32AB62B61B9A7001E6A16 /* OpenSleepSoundsUITests.swift */ = {isa = PBXFileReference; lastKnownFileType = sourcecode.swift; path = OpenSleepSoundsUITests.swift; sourceTree = "<group>"; };
		E0D32AC52B61CB88001E6A16 /* SoundPresetTile.swift */ = {isa = PBXFileReference; lastKnownFileType = sourcecode.swift; path = SoundPresetTile.swift; sourceTree = "<group>"; };
		E0D32AC72B61CE1D001E6A16 /* Theme.swift */ = {isa = PBXFileReference; lastKnownFileType = sourcecode.swift; path = Theme.swift; sourceTree = "<group>"; };
		E0D32ACB2B61DE39001E6A16 /* Timer.swift */ = {isa = PBXFileReference; lastKnownFileType = sourcecode.swift; path = Timer.swift; sourceTree = "<group>"; };
		E0F097542B64945B00FA2AC8 /* Info.plist */ = {isa = PBXFileReference; lastKnownFileType = text.plist; path = Info.plist; sourceTree = "<group>"; };
/* End PBXFileReference section */

/* Begin PBXFrameworksBuildPhase section */
		E0123F172B777AFA004690DB /* Frameworks */ = {
			isa = PBXFrameworksBuildPhase;
			buildActionMask = 2147483647;
			files = (
			);
			runOnlyForDeploymentPostprocessing = 0;
		};
		E0D32A922B61B9A3001E6A16 /* Frameworks */ = {
			isa = PBXFrameworksBuildPhase;
			buildActionMask = 2147483647;
			files = (
				E0884A892B61FFD8008F3829 /* SwiftySound in Frameworks */,
			);
			runOnlyForDeploymentPostprocessing = 0;
		};
		E0D32AA52B61B9A7001E6A16 /* Frameworks */ = {
			isa = PBXFrameworksBuildPhase;
			buildActionMask = 2147483647;
			files = (
			);
			runOnlyForDeploymentPostprocessing = 0;
		};
		E0D32AAF2B61B9A7001E6A16 /* Frameworks */ = {
			isa = PBXFrameworksBuildPhase;
			buildActionMask = 2147483647;
			files = (
			);
			runOnlyForDeploymentPostprocessing = 0;
		};
/* End PBXFrameworksBuildPhase section */

/* Begin PBXGroup section */
		E01BBE0D2B62FF980040A30C /* Sound */ = {
			isa = PBXGroup;
			children = (
				E01BBE0B2B62FCC80040A30C /* SoundManager.swift */,
				E01BBE0E2B62FFA80040A30C /* SoundResource.swift */,
				E01BBE102B62FFB20040A30C /* Volume.swift */,
			);
			path = Sound;
			sourceTree = "<group>";
		};
		E01BBE132B6300040040A30C /* Interface */ = {
			isa = PBXGroup;
			children = (
				E0D32A9A2B61B9A3001E6A16 /* ContentView.swift */,
				E0D32AC52B61CB88001E6A16 /* SoundPresetTile.swift */,
				E0884A852B61F88C008F3829 /* SoundLevelTile.swift */,
				E01BBE162B631D620040A30C /* TimePicker.swift */,
			);
			path = Interface;
			sourceTree = "<group>";
		};
		E01BBE142B63001A0040A30C /* Support */ = {
			isa = PBXGroup;
			children = (
				E0D32ACB2B61DE39001E6A16 /* Timer.swift */,
				E0D32AC72B61CE1D001E6A16 /* Theme.swift */,
				E06F83572B633EC4004A1F6F /* UserDefaults.swift */,
			);
			path = Support;
			sourceTree = "<group>";
		};
		E01BBE152B63002C0040A30C /* Bundle */ = {
			isa = PBXGroup;
			children = (
				E0D32AA12B61B9A7001E6A16 /* Preview Content */,
				E0D32A9E2B61B9A7001E6A16 /* Assets.xcassets */,
				E0D32AA02B61B9A7001E6A16 /* OpenSleepSounds.entitlements */,
			);
			path = Bundle;
			sourceTree = "<group>";
		};
		E0884A8A2B6200A5008F3829 /* SoundFiles */ = {
			isa = PBXGroup;
			children = (
				E0123EF52B772E9E004690DB /* airplane_ambience.wav */,
				E0123EFC2B772E9E004690DB /* brownnoise.wav */,
				E0123EFD2B772E9E004690DB /* electricfan.wav */,
				E0123F002B772E9E004690DB /* industrialfan.wav */,
				E0123EFA2B772E9E004690DB /* lightrain_small.wav */,
				E0123EFF2B772E9E004690DB /* lightrain.wav */,
				E0123EF62B772E9E004690DB /* mediumrain.wav */,
				E0123EFB2B772E9E004690DB /* pinknoise.wav */,
				E0123EF72B772E9E004690DB /* rain_session.wav */,
				E0123EFE2B772E9E004690DB /* restaurant.wav */,
				E0123EF82B772E9E004690DB /* ruido_whitenoise.wav */,
				E0123EF92B772E9E004690DB /* whitenoise.wav */,
			);
			path = SoundFiles;
			sourceTree = "<group>";
		};
		E0D32A8C2B61B9A3001E6A16 = {
			isa = PBXGroup;
			children = (
				E0D32A972B61B9A3001E6A16 /* OpenSleepSounds */,
				E0D32AAB2B61B9A7001E6A16 /* OpenSleepSoundsTests */,
				E0D32AB52B61B9A7001E6A16 /* OpenSleepSoundsUITests */,
				E0D32A962B61B9A3001E6A16 /* Products */,
			);
			sourceTree = "<group>";
		};
		E0D32A962B61B9A3001E6A16 /* Products */ = {
			isa = PBXGroup;
			children = (
				E0D32A952B61B9A3001E6A16 /* OpenSleepSounds.app */,
				E0D32AA82B61B9A7001E6A16 /* OpenSleepSoundsTests.xctest */,
				E0D32AB22B61B9A7001E6A16 /* OpenSleepSoundsUITests.xctest */,
				E0123F1A2B777AFA004690DB /* Snapshots.xctest */,
			);
			name = Products;
			sourceTree = "<group>";
		};
		E0D32A972B61B9A3001E6A16 /* OpenSleepSounds */ = {
			isa = PBXGroup;
			children = (
				E0F097542B64945B00FA2AC8 /* Info.plist */,
				E0D32A982B61B9A3001E6A16 /* OpenSleepSoundsApp.swift */,
				E01BBE132B6300040040A30C /* Interface */,
				E01BBE0D2B62FF980040A30C /* Sound */,
				E01BBE142B63001A0040A30C /* Support */,
				E0884A8A2B6200A5008F3829 /* SoundFiles */,
				E01BBE152B63002C0040A30C /* Bundle */,
			);
			path = OpenSleepSounds;
			sourceTree = "<group>";
		};
		E0D32AA12B61B9A7001E6A16 /* Preview Content */ = {
			isa = PBXGroup;
			children = (
				E0D32AA22B61B9A7001E6A16 /* Preview Assets.xcassets */,
			);
			path = "Preview Content";
			sourceTree = "<group>";
		};
		E0D32AAB2B61B9A7001E6A16 /* OpenSleepSoundsTests */ = {
			isa = PBXGroup;
			children = (
				E0D32AAC2B61B9A7001E6A16 /* OpenSleepSoundsTests.swift */,
			);
			path = OpenSleepSoundsTests;
			sourceTree = "<group>";
		};
		E0D32AB52B61B9A7001E6A16 /* OpenSleepSoundsUITests */ = {
			isa = PBXGroup;
			children = (
				E0123F112B776C40004690DB /* SnapshotHelper.swift */,
				E0D32AB62B61B9A7001E6A16 /* OpenSleepSoundsUITests.swift */,
				E0123F152B777A9D004690DB /* Snapshots.swift */,
			);
			path = OpenSleepSoundsUITests;
			sourceTree = "<group>";
		};
/* End PBXGroup section */

/* Begin PBXNativeTarget section */
		E0123F192B777AFA004690DB /* Snapshots */ = {
			isa = PBXNativeTarget;
			buildConfigurationList = E0123F222B777AFB004690DB /* Build configuration list for PBXNativeTarget "Snapshots" */;
			buildPhases = (
				E0123F162B777AFA004690DB /* Sources */,
				E0123F172B777AFA004690DB /* Frameworks */,
				E0123F182B777AFA004690DB /* Resources */,
			);
			buildRules = (
			);
			dependencies = (
				E0123F212B777AFA004690DB /* PBXTargetDependency */,
			);
			name = Snapshots;
			productName = Snapshots;
			productReference = E0123F1A2B777AFA004690DB /* Snapshots.xctest */;
			productType = "com.apple.product-type.bundle.ui-testing";
		};
		E0D32A942B61B9A3001E6A16 /* OpenSleepSounds */ = {
			isa = PBXNativeTarget;
			buildConfigurationList = E0D32ABC2B61B9A7001E6A16 /* Build configuration list for PBXNativeTarget "OpenSleepSounds" */;
			buildPhases = (
				E0D32A912B61B9A3001E6A16 /* Sources */,
				E0D32A922B61B9A3001E6A16 /* Frameworks */,
				E0D32A932B61B9A3001E6A16 /* Resources */,
			);
			buildRules = (
			);
			dependencies = (
			);
			name = OpenSleepSounds;
			packageProductDependencies = (
				E0884A882B61FFD8008F3829 /* SwiftySound */,
			);
			productName = OpenSleepSounds;
			productReference = E0D32A952B61B9A3001E6A16 /* OpenSleepSounds.app */;
			productType = "com.apple.product-type.application";
		};
		E0D32AA72B61B9A7001E6A16 /* OpenSleepSoundsTests */ = {
			isa = PBXNativeTarget;
			buildConfigurationList = E0D32ABF2B61B9A7001E6A16 /* Build configuration list for PBXNativeTarget "OpenSleepSoundsTests" */;
			buildPhases = (
				E0D32AA42B61B9A7001E6A16 /* Sources */,
				E0D32AA52B61B9A7001E6A16 /* Frameworks */,
				E0D32AA62B61B9A7001E6A16 /* Resources */,
			);
			buildRules = (
			);
			dependencies = (
				E0D32AAA2B61B9A7001E6A16 /* PBXTargetDependency */,
			);
			name = OpenSleepSoundsTests;
			productName = OpenSleepSoundsTests;
			productReference = E0D32AA82B61B9A7001E6A16 /* OpenSleepSoundsTests.xctest */;
			productType = "com.apple.product-type.bundle.unit-test";
		};
		E0D32AB12B61B9A7001E6A16 /* OpenSleepSoundsUITests */ = {
			isa = PBXNativeTarget;
			buildConfigurationList = E0D32AC22B61B9A7001E6A16 /* Build configuration list for PBXNativeTarget "OpenSleepSoundsUITests" */;
			buildPhases = (
				E0D32AAE2B61B9A7001E6A16 /* Sources */,
				E0D32AAF2B61B9A7001E6A16 /* Frameworks */,
				E0D32AB02B61B9A7001E6A16 /* Resources */,
			);
			buildRules = (
			);
			dependencies = (
				E0D32AB42B61B9A7001E6A16 /* PBXTargetDependency */,
			);
			name = OpenSleepSoundsUITests;
			productName = OpenSleepSoundsUITests;
			productReference = E0D32AB22B61B9A7001E6A16 /* OpenSleepSoundsUITests.xctest */;
			productType = "com.apple.product-type.bundle.ui-testing";
		};
/* End PBXNativeTarget section */

/* Begin PBXProject section */
		E0D32A8D2B61B9A3001E6A16 /* Project object */ = {
			isa = PBXProject;
			attributes = {
				BuildIndependentTargetsInParallel = 1;
				LastSwiftUpdateCheck = 1520;
				LastUpgradeCheck = 1500;
				TargetAttributes = {
					E0123F192B777AFA004690DB = {
						CreatedOnToolsVersion = 15.2;
						TestTargetID = E0D32A942B61B9A3001E6A16;
					};
					E0D32A942B61B9A3001E6A16 = {
						CreatedOnToolsVersion = 15.0.1;
					};
					E0D32AA72B61B9A7001E6A16 = {
						CreatedOnToolsVersion = 15.0.1;
						TestTargetID = E0D32A942B61B9A3001E6A16;
					};
					E0D32AB12B61B9A7001E6A16 = {
						CreatedOnToolsVersion = 15.0.1;
						TestTargetID = E0D32A942B61B9A3001E6A16;
					};
				};
			};
			buildConfigurationList = E0D32A902B61B9A3001E6A16 /* Build configuration list for PBXProject "OpenSleepSounds" */;
			compatibilityVersion = "Xcode 14.0";
			developmentRegion = en;
			hasScannedForEncodings = 0;
			knownRegions = (
				en,
				Base,
			);
			mainGroup = E0D32A8C2B61B9A3001E6A16;
			packageReferences = (
				E0884A872B61FFD8008F3829 /* XCRemoteSwiftPackageReference "SwiftySound" */,
			);
			productRefGroup = E0D32A962B61B9A3001E6A16 /* Products */;
			projectDirPath = "";
			projectRoot = "";
			targets = (
				E0D32A942B61B9A3001E6A16 /* OpenSleepSounds */,
				E0D32AA72B61B9A7001E6A16 /* OpenSleepSoundsTests */,
				E0D32AB12B61B9A7001E6A16 /* OpenSleepSoundsUITests */,
				E0123F192B777AFA004690DB /* Snapshots */,
			);
		};
/* End PBXProject section */

/* Begin PBXResourcesBuildPhase section */
		E0123F182B777AFA004690DB /* Resources */ = {
			isa = PBXResourcesBuildPhase;
			buildActionMask = 2147483647;
			files = (
			);
			runOnlyForDeploymentPostprocessing = 0;
		};
		E0D32A932B61B9A3001E6A16 /* Resources */ = {
			isa = PBXResourcesBuildPhase;
			buildActionMask = 2147483647;
			files = (
				E0123F032B772E9E004690DB /* rain_session.wav in Resources */,
				E0123F092B772E9E004690DB /* electricfan.wav in Resources */,
				E0123F062B772E9E004690DB /* lightrain_small.wav in Resources */,
				E0123F0B2B772E9E004690DB /* lightrain.wav in Resources */,
				E0123F082B772E9E004690DB /* brownnoise.wav in Resources */,
				E0123F072B772E9E004690DB /* pinknoise.wav in Resources */,
				E0123F052B772E9E004690DB /* whitenoise.wav in Resources */,
				E0123F012B772E9E004690DB /* airplane_ambience.wav in Resources */,
				E0123F022B772E9E004690DB /* mediumrain.wav in Resources */,
				E0123F042B772E9E004690DB /* ruido_whitenoise.wav in Resources */,
				E0D32AA32B61B9A7001E6A16 /* Preview Assets.xcassets in Resources */,
				E0D32A9F2B61B9A7001E6A16 /* Assets.xcassets in Resources */,
				E0123F0A2B772E9E004690DB /* restaurant.wav in Resources */,
				E0123F0C2B772E9E004690DB /* industrialfan.wav in Resources */,
			);
			runOnlyForDeploymentPostprocessing = 0;
		};
		E0D32AA62B61B9A7001E6A16 /* Resources */ = {
			isa = PBXResourcesBuildPhase;
			buildActionMask = 2147483647;
			files = (
			);
			runOnlyForDeploymentPostprocessing = 0;
		};
		E0D32AB02B61B9A7001E6A16 /* Resources */ = {
			isa = PBXResourcesBuildPhase;
			buildActionMask = 2147483647;
			files = (
			);
			runOnlyForDeploymentPostprocessing = 0;
		};
/* End PBXResourcesBuildPhase section */

/* Begin PBXSourcesBuildPhase section */
		E0123F162B777AFA004690DB /* Sources */ = {
			isa = PBXSourcesBuildPhase;
			buildActionMask = 2147483647;
			files = (
				E0123F252B777B07004690DB /* Snapshots.swift in Sources */,
				E0123F262B777B29004690DB /* SnapshotHelper.swift in Sources */,
			);
			runOnlyForDeploymentPostprocessing = 0;
		};
		E0D32A912B61B9A3001E6A16 /* Sources */ = {
			isa = PBXSourcesBuildPhase;
			buildActionMask = 2147483647;
			files = (
				E01BBE172B631D620040A30C /* TimePicker.swift in Sources */,
				E01BBE0F2B62FFA80040A30C /* SoundResource.swift in Sources */,
				E0D32A9B2B61B9A3001E6A16 /* ContentView.swift in Sources */,
				E06F83582B633EC4004A1F6F /* UserDefaults.swift in Sources */,
				E0D32ACC2B61DE39001E6A16 /* Timer.swift in Sources */,
				E0D32AC82B61CE1D001E6A16 /* Theme.swift in Sources */,
				E0D32AC62B61CB88001E6A16 /* SoundPresetTile.swift in Sources */,
				E0884A862B61F88C008F3829 /* SoundLevelTile.swift in Sources */,
				E01BBE112B62FFB20040A30C /* Volume.swift in Sources */,
				E0D32A992B61B9A3001E6A16 /* OpenSleepSoundsApp.swift in Sources */,
				E01BBE0C2B62FCC80040A30C /* SoundManager.swift in Sources */,
			);
			runOnlyForDeploymentPostprocessing = 0;
		};
		E0D32AA42B61B9A7001E6A16 /* Sources */ = {
			isa = PBXSourcesBuildPhase;
			buildActionMask = 2147483647;
			files = (
				E0D32AAD2B61B9A7001E6A16 /* OpenSleepSoundsTests.swift in Sources */,
			);
			runOnlyForDeploymentPostprocessing = 0;
		};
		E0D32AAE2B61B9A7001E6A16 /* Sources */ = {
			isa = PBXSourcesBuildPhase;
			buildActionMask = 2147483647;
			files = (
				E0D32AB72B61B9A7001E6A16 /* OpenSleepSoundsUITests.swift in Sources */,
			);
			runOnlyForDeploymentPostprocessing = 0;
		};
/* End PBXSourcesBuildPhase section */

/* Begin PBXTargetDependency section */
		E0123F212B777AFA004690DB /* PBXTargetDependency */ = {
			isa = PBXTargetDependency;
			target = E0D32A942B61B9A3001E6A16 /* OpenSleepSounds */;
			targetProxy = E0123F202B777AFA004690DB /* PBXContainerItemProxy */;
		};
		E0D32AAA2B61B9A7001E6A16 /* PBXTargetDependency */ = {
			isa = PBXTargetDependency;
			target = E0D32A942B61B9A3001E6A16 /* OpenSleepSounds */;
			targetProxy = E0D32AA92B61B9A7001E6A16 /* PBXContainerItemProxy */;
		};
		E0D32AB42B61B9A7001E6A16 /* PBXTargetDependency */ = {
			isa = PBXTargetDependency;
			target = E0D32A942B61B9A3001E6A16 /* OpenSleepSounds */;
			targetProxy = E0D32AB32B61B9A7001E6A16 /* PBXContainerItemProxy */;
		};
/* End PBXTargetDependency section */

/* Begin XCBuildConfiguration section */
		E0123F232B777AFB004690DB /* Debug */ = {
			isa = XCBuildConfiguration;
			buildSettings = {
				CODE_SIGN_IDENTITY = "Apple Development";
				CODE_SIGN_STYLE = Automatic;
				CURRENT_PROJECT_VERSION = 5;
				DEVELOPMENT_TEAM = VQGZ978Q6B;
				GENERATE_INFOPLIST_FILE = YES;
				IPHONEOS_DEPLOYMENT_TARGET = 17.2;
				MARKETING_VERSION = 1.0;
				PRODUCT_BUNDLE_IDENTIFIER = com.hamilton.sleepsound.Snapshots;
				PRODUCT_NAME = "$(TARGET_NAME)";
				PROVISIONING_PROFILE_SPECIFIER = "";
				SDKROOT = iphoneos;
				SUPPORTED_PLATFORMS = "iphoneos iphonesimulator";
				SUPPORTS_MACCATALYST = NO;
				SUPPORTS_MAC_DESIGNED_FOR_IPHONE_IPAD = NO;
				SUPPORTS_XR_DESIGNED_FOR_IPHONE_IPAD = NO;
				SWIFT_EMIT_LOC_STRINGS = NO;
				SWIFT_VERSION = 5.0;
				TARGETED_DEVICE_FAMILY = "1,2";
				TEST_TARGET_NAME = OpenSleepSounds;
			};
			name = Debug;
		};
		E0123F242B777AFB004690DB /* Release */ = {
			isa = XCBuildConfiguration;
			buildSettings = {
				CODE_SIGN_IDENTITY = "Apple Development";
				CODE_SIGN_STYLE = Automatic;
				CURRENT_PROJECT_VERSION = 5;
				DEVELOPMENT_TEAM = VQGZ978Q6B;
				GENERATE_INFOPLIST_FILE = YES;
				IPHONEOS_DEPLOYMENT_TARGET = 17.2;
				MARKETING_VERSION = 1.0;
				PRODUCT_BUNDLE_IDENTIFIER = com.hamilton.sleepsound.Snapshots;
				PRODUCT_NAME = "$(TARGET_NAME)";
				PROVISIONING_PROFILE_SPECIFIER = "";
				SDKROOT = iphoneos;
				SUPPORTED_PLATFORMS = "iphoneos iphonesimulator";
				SUPPORTS_MACCATALYST = NO;
				SUPPORTS_MAC_DESIGNED_FOR_IPHONE_IPAD = NO;
				SUPPORTS_XR_DESIGNED_FOR_IPHONE_IPAD = NO;
				SWIFT_EMIT_LOC_STRINGS = NO;
				SWIFT_VERSION = 5.0;
				TARGETED_DEVICE_FAMILY = "1,2";
				TEST_TARGET_NAME = OpenSleepSounds;
				VALIDATE_PRODUCT = YES;
			};
			name = Release;
		};
		E0D32ABA2B61B9A7001E6A16 /* Debug */ = {
			isa = XCBuildConfiguration;
			buildSettings = {
				ALWAYS_SEARCH_USER_PATHS = NO;
				ASSETCATALOG_COMPILER_GENERATE_SWIFT_ASSET_SYMBOL_EXTENSIONS = YES;
				CLANG_ANALYZER_NONNULL = YES;
				CLANG_ANALYZER_NUMBER_OBJECT_CONVERSION = YES_AGGRESSIVE;
				CLANG_CXX_LANGUAGE_STANDARD = "gnu++20";
				CLANG_ENABLE_MODULES = YES;
				CLANG_ENABLE_OBJC_ARC = YES;
				CLANG_ENABLE_OBJC_WEAK = YES;
				CLANG_WARN_BLOCK_CAPTURE_AUTORELEASING = YES;
				CLANG_WARN_BOOL_CONVERSION = YES;
				CLANG_WARN_COMMA = YES;
				CLANG_WARN_CONSTANT_CONVERSION = YES;
				CLANG_WARN_DEPRECATED_OBJC_IMPLEMENTATIONS = YES;
				CLANG_WARN_DIRECT_OBJC_ISA_USAGE = YES_ERROR;
				CLANG_WARN_DOCUMENTATION_COMMENTS = YES;
				CLANG_WARN_EMPTY_BODY = YES;
				CLANG_WARN_ENUM_CONVERSION = YES;
				CLANG_WARN_INFINITE_RECURSION = YES;
				CLANG_WARN_INT_CONVERSION = YES;
				CLANG_WARN_NON_LITERAL_NULL_CONVERSION = YES;
				CLANG_WARN_OBJC_IMPLICIT_RETAIN_SELF = YES;
				CLANG_WARN_OBJC_LITERAL_CONVERSION = YES;
				CLANG_WARN_OBJC_ROOT_CLASS = YES_ERROR;
				CLANG_WARN_QUOTED_INCLUDE_IN_FRAMEWORK_HEADER = YES;
				CLANG_WARN_RANGE_LOOP_ANALYSIS = YES;
				CLANG_WARN_STRICT_PROTOTYPES = YES;
				CLANG_WARN_SUSPICIOUS_MOVE = YES;
				CLANG_WARN_UNGUARDED_AVAILABILITY = YES_AGGRESSIVE;
				CLANG_WARN_UNREACHABLE_CODE = YES;
				CLANG_WARN__DUPLICATE_METHOD_MATCH = YES;
				COPY_PHASE_STRIP = NO;
				DEBUG_INFORMATION_FORMAT = dwarf;
				ENABLE_STRICT_OBJC_MSGSEND = YES;
				ENABLE_TESTABILITY = YES;
				ENABLE_USER_SCRIPT_SANDBOXING = YES;
				GCC_C_LANGUAGE_STANDARD = gnu17;
				GCC_DYNAMIC_NO_PIC = NO;
				GCC_NO_COMMON_BLOCKS = YES;
				GCC_OPTIMIZATION_LEVEL = 0;
				GCC_PREPROCESSOR_DEFINITIONS = (
					"DEBUG=1",
					"$(inherited)",
				);
				GCC_WARN_64_TO_32_BIT_CONVERSION = YES;
				GCC_WARN_ABOUT_RETURN_TYPE = YES_ERROR;
				GCC_WARN_UNDECLARED_SELECTOR = YES;
				GCC_WARN_UNINITIALIZED_AUTOS = YES_AGGRESSIVE;
				GCC_WARN_UNUSED_FUNCTION = YES;
				GCC_WARN_UNUSED_VARIABLE = YES;
				IPHONEOS_DEPLOYMENT_TARGET = 17.0;
				LOCALIZATION_PREFERS_STRING_CATALOGS = YES;
				MTL_ENABLE_DEBUG_INFO = INCLUDE_SOURCE;
				MTL_FAST_MATH = YES;
				ONLY_ACTIVE_ARCH = YES;
				SUPPORTED_PLATFORMS = "iphonesimulator iphoneos";
				SWIFT_ACTIVE_COMPILATION_CONDITIONS = "DEBUG $(inherited)";
				SWIFT_OPTIMIZATION_LEVEL = "-Onone";
			};
			name = Debug;
		};
		E0D32ABB2B61B9A7001E6A16 /* Release */ = {
			isa = XCBuildConfiguration;
			buildSettings = {
				ALWAYS_SEARCH_USER_PATHS = NO;
				ASSETCATALOG_COMPILER_GENERATE_SWIFT_ASSET_SYMBOL_EXTENSIONS = YES;
				CLANG_ANALYZER_NONNULL = YES;
				CLANG_ANALYZER_NUMBER_OBJECT_CONVERSION = YES_AGGRESSIVE;
				CLANG_CXX_LANGUAGE_STANDARD = "gnu++20";
				CLANG_ENABLE_MODULES = YES;
				CLANG_ENABLE_OBJC_ARC = YES;
				CLANG_ENABLE_OBJC_WEAK = YES;
				CLANG_WARN_BLOCK_CAPTURE_AUTORELEASING = YES;
				CLANG_WARN_BOOL_CONVERSION = YES;
				CLANG_WARN_COMMA = YES;
				CLANG_WARN_CONSTANT_CONVERSION = YES;
				CLANG_WARN_DEPRECATED_OBJC_IMPLEMENTATIONS = YES;
				CLANG_WARN_DIRECT_OBJC_ISA_USAGE = YES_ERROR;
				CLANG_WARN_DOCUMENTATION_COMMENTS = YES;
				CLANG_WARN_EMPTY_BODY = YES;
				CLANG_WARN_ENUM_CONVERSION = YES;
				CLANG_WARN_INFINITE_RECURSION = YES;
				CLANG_WARN_INT_CONVERSION = YES;
				CLANG_WARN_NON_LITERAL_NULL_CONVERSION = YES;
				CLANG_WARN_OBJC_IMPLICIT_RETAIN_SELF = YES;
				CLANG_WARN_OBJC_LITERAL_CONVERSION = YES;
				CLANG_WARN_OBJC_ROOT_CLASS = YES_ERROR;
				CLANG_WARN_QUOTED_INCLUDE_IN_FRAMEWORK_HEADER = YES;
				CLANG_WARN_RANGE_LOOP_ANALYSIS = YES;
				CLANG_WARN_STRICT_PROTOTYPES = YES;
				CLANG_WARN_SUSPICIOUS_MOVE = YES;
				CLANG_WARN_UNGUARDED_AVAILABILITY = YES_AGGRESSIVE;
				CLANG_WARN_UNREACHABLE_CODE = YES;
				CLANG_WARN__DUPLICATE_METHOD_MATCH = YES;
				COPY_PHASE_STRIP = NO;
				DEBUG_INFORMATION_FORMAT = "dwarf-with-dsym";
				ENABLE_NS_ASSERTIONS = NO;
				ENABLE_STRICT_OBJC_MSGSEND = YES;
				ENABLE_USER_SCRIPT_SANDBOXING = YES;
				GCC_C_LANGUAGE_STANDARD = gnu17;
				GCC_NO_COMMON_BLOCKS = YES;
				GCC_WARN_64_TO_32_BIT_CONVERSION = YES;
				GCC_WARN_ABOUT_RETURN_TYPE = YES_ERROR;
				GCC_WARN_UNDECLARED_SELECTOR = YES;
				GCC_WARN_UNINITIALIZED_AUTOS = YES_AGGRESSIVE;
				GCC_WARN_UNUSED_FUNCTION = YES;
				GCC_WARN_UNUSED_VARIABLE = YES;
				IPHONEOS_DEPLOYMENT_TARGET = 17.0;
				LOCALIZATION_PREFERS_STRING_CATALOGS = YES;
				MTL_ENABLE_DEBUG_INFO = NO;
				MTL_FAST_MATH = YES;
				SUPPORTED_PLATFORMS = "iphonesimulator iphoneos";
				SWIFT_COMPILATION_MODE = wholemodule;
			};
			name = Release;
		};
		E0D32ABD2B61B9A7001E6A16 /* Debug */ = {
			isa = XCBuildConfiguration;
			buildSettings = {
				ASSETCATALOG_COMPILER_APPICON_NAME = AppIcon;
				ASSETCATALOG_COMPILER_GLOBAL_ACCENT_COLOR_NAME = AccentColor;
				CODE_SIGN_ENTITLEMENTS = OpenSleepSounds/Bundle/OpenSleepSounds.entitlements;
				CODE_SIGN_STYLE = Manual;
				CURRENT_PROJECT_VERSION = 5;
				DEVELOPMENT_ASSET_PATHS = "\"OpenSleepSounds/Bundle/Preview Content\"";
				DEVELOPMENT_TEAM = "";
				"DEVELOPMENT_TEAM[sdk=iphoneos*]" = VQGZ978Q6B;
				ENABLE_HARDENED_RUNTIME = YES;
				ENABLE_PREVIEWS = YES;
				GENERATE_INFOPLIST_FILE = YES;
				INFOPLIST_FILE = OpenSleepSounds/Info.plist;
				INFOPLIST_KEY_LSApplicationCategoryType = "public.app-category.healthcare-fitness";
				"INFOPLIST_KEY_UIApplicationSceneManifest_Generation[sdk=iphoneos*]" = YES;
				"INFOPLIST_KEY_UIApplicationSceneManifest_Generation[sdk=iphonesimulator*]" = YES;
				"INFOPLIST_KEY_UIApplicationSupportsIndirectInputEvents[sdk=iphoneos*]" = YES;
				"INFOPLIST_KEY_UIApplicationSupportsIndirectInputEvents[sdk=iphonesimulator*]" = YES;
				"INFOPLIST_KEY_UILaunchScreen_Generation[sdk=iphoneos*]" = YES;
				"INFOPLIST_KEY_UILaunchScreen_Generation[sdk=iphonesimulator*]" = YES;
				"INFOPLIST_KEY_UIStatusBarStyle[sdk=iphoneos*]" = UIStatusBarStyleDefault;
				"INFOPLIST_KEY_UIStatusBarStyle[sdk=iphonesimulator*]" = UIStatusBarStyleDefault;
				INFOPLIST_KEY_UISupportedInterfaceOrientations = UIInterfaceOrientationPortrait;
				INFOPLIST_KEY_UISupportedInterfaceOrientations_iPad = "UIInterfaceOrientationLandscapeLeft UIInterfaceOrientationLandscapeRight UIInterfaceOrientationPortrait UIInterfaceOrientationPortraitUpsideDown";
				IPHONEOS_DEPLOYMENT_TARGET = 17.0;
				LD_RUNPATH_SEARCH_PATHS = "@executable_path/Frameworks";
				"LD_RUNPATH_SEARCH_PATHS[sdk=macosx*]" = "@executable_path/../Frameworks";
				MACOSX_DEPLOYMENT_TARGET = "$(RECOMMENDED_MACOSX_DEPLOYMENT_TARGET)";
				MARKETING_VERSION = 1.1;
				PRODUCT_BUNDLE_IDENTIFIER = com.hamilton.sleepsounds;
				PRODUCT_NAME = "$(TARGET_NAME)";
				PROVISIONING_PROFILE_SPECIFIER = "";
				"PROVISIONING_PROFILE_SPECIFIER[sdk=iphoneos*]" = "match Development com.hamilton.sleepsounds";
				SDKROOT = auto;
				SUPPORTED_PLATFORMS = "iphoneos iphonesimulator";
				SUPPORTS_MACCATALYST = NO;
				SWIFT_EMIT_LOC_STRINGS = YES;
				SWIFT_VERSION = 5.0;
				TARGETED_DEVICE_FAMILY = "1,2";
			};
			name = Debug;
		};
		E0D32ABE2B61B9A7001E6A16 /* Release */ = {
			isa = XCBuildConfiguration;
			buildSettings = {
				ASSETCATALOG_COMPILER_APPICON_NAME = AppIcon;
				ASSETCATALOG_COMPILER_GLOBAL_ACCENT_COLOR_NAME = AccentColor;
				CODE_SIGN_ENTITLEMENTS = OpenSleepSounds/Bundle/OpenSleepSounds.entitlements;
				CODE_SIGN_STYLE = Manual;
				CURRENT_PROJECT_VERSION = 5;
				DEVELOPMENT_ASSET_PATHS = "\"OpenSleepSounds/Bundle/Preview Content\"";
				DEVELOPMENT_TEAM = "";
				"DEVELOPMENT_TEAM[sdk=iphoneos*]" = VQGZ978Q6B;
				ENABLE_HARDENED_RUNTIME = YES;
				ENABLE_PREVIEWS = YES;
				GENERATE_INFOPLIST_FILE = YES;
				INFOPLIST_FILE = OpenSleepSounds/Info.plist;
				INFOPLIST_KEY_LSApplicationCategoryType = "public.app-category.healthcare-fitness";
				"INFOPLIST_KEY_UIApplicationSceneManifest_Generation[sdk=iphoneos*]" = YES;
				"INFOPLIST_KEY_UIApplicationSceneManifest_Generation[sdk=iphonesimulator*]" = YES;
				"INFOPLIST_KEY_UIApplicationSupportsIndirectInputEvents[sdk=iphoneos*]" = YES;
				"INFOPLIST_KEY_UIApplicationSupportsIndirectInputEvents[sdk=iphonesimulator*]" = YES;
				"INFOPLIST_KEY_UILaunchScreen_Generation[sdk=iphoneos*]" = YES;
				"INFOPLIST_KEY_UILaunchScreen_Generation[sdk=iphonesimulator*]" = YES;
				"INFOPLIST_KEY_UIStatusBarStyle[sdk=iphoneos*]" = UIStatusBarStyleDefault;
				"INFOPLIST_KEY_UIStatusBarStyle[sdk=iphonesimulator*]" = UIStatusBarStyleDefault;
				INFOPLIST_KEY_UISupportedInterfaceOrientations = UIInterfaceOrientationPortrait;
				INFOPLIST_KEY_UISupportedInterfaceOrientations_iPad = "UIInterfaceOrientationLandscapeLeft UIInterfaceOrientationLandscapeRight UIInterfaceOrientationPortrait UIInterfaceOrientationPortraitUpsideDown";
				IPHONEOS_DEPLOYMENT_TARGET = 17.0;
				LD_RUNPATH_SEARCH_PATHS = "@executable_path/Frameworks";
				"LD_RUNPATH_SEARCH_PATHS[sdk=macosx*]" = "@executable_path/../Frameworks";
				MACOSX_DEPLOYMENT_TARGET = "$(RECOMMENDED_MACOSX_DEPLOYMENT_TARGET)";
				MARKETING_VERSION = 1.1;
				PRODUCT_BUNDLE_IDENTIFIER = com.hamilton.sleepsounds;
				PRODUCT_NAME = "$(TARGET_NAME)";
				PROVISIONING_PROFILE_SPECIFIER = "";
				"PROVISIONING_PROFILE_SPECIFIER[sdk=iphoneos*]" = "match Development com.hamilton.sleepsounds";
				SDKROOT = auto;
				SUPPORTED_PLATFORMS = "iphoneos iphonesimulator";
				SUPPORTS_MACCATALYST = NO;
				SWIFT_EMIT_LOC_STRINGS = YES;
				SWIFT_VERSION = 5.0;
				TARGETED_DEVICE_FAMILY = "1,2";
			};
			name = Release;
		};
		E0D32AC02B61B9A7001E6A16 /* Debug */ = {
			isa = XCBuildConfiguration;
			buildSettings = {
				ALWAYS_EMBED_SWIFT_STANDARD_LIBRARIES = YES;
				BUNDLE_LOADER = "$(TEST_HOST)";
				CODE_SIGN_STYLE = Automatic;
				CURRENT_PROJECT_VERSION = 5;
				DEVELOPMENT_TEAM = VQGZ978Q6B;
				GENERATE_INFOPLIST_FILE = YES;
				IPHONEOS_DEPLOYMENT_TARGET = 17.0;
				MACOSX_DEPLOYMENT_TARGET = "$(RECOMMENDED_MACOSX_DEPLOYMENT_TARGET)";
				MARKETING_VERSION = 1.0;
				PRODUCT_BUNDLE_IDENTIFIER = com.hamilton.LiveLedger.OpenSleepSoundsTests;
				PRODUCT_NAME = "$(TARGET_NAME)";
				SDKROOT = auto;
				SUPPORTED_PLATFORMS = "iphoneos iphonesimulator";
				SUPPORTS_MACCATALYST = NO;
				SWIFT_EMIT_LOC_STRINGS = NO;
				SWIFT_VERSION = 5.0;
				TARGETED_DEVICE_FAMILY = "1,2";
				TEST_HOST = "$(BUILT_PRODUCTS_DIR)/OpenSleepSounds.app/$(BUNDLE_EXECUTABLE_FOLDER_PATH)/OpenSleepSounds";
			};
			name = Debug;
		};
		E0D32AC12B61B9A7001E6A16 /* Release */ = {
			isa = XCBuildConfiguration;
			buildSettings = {
				ALWAYS_EMBED_SWIFT_STANDARD_LIBRARIES = YES;
				BUNDLE_LOADER = "$(TEST_HOST)";
				CODE_SIGN_STYLE = Automatic;
				CURRENT_PROJECT_VERSION = 5;
				DEVELOPMENT_TEAM = VQGZ978Q6B;
				GENERATE_INFOPLIST_FILE = YES;
				IPHONEOS_DEPLOYMENT_TARGET = 17.0;
				MACOSX_DEPLOYMENT_TARGET = "$(RECOMMENDED_MACOSX_DEPLOYMENT_TARGET)";
				MARKETING_VERSION = 1.0;
				PRODUCT_BUNDLE_IDENTIFIER = com.hamilton.LiveLedger.OpenSleepSoundsTests;
				PRODUCT_NAME = "$(TARGET_NAME)";
				SDKROOT = auto;
				SUPPORTED_PLATFORMS = "iphoneos iphonesimulator";
				SUPPORTS_MACCATALYST = NO;
				SWIFT_EMIT_LOC_STRINGS = NO;
				SWIFT_VERSION = 5.0;
				TARGETED_DEVICE_FAMILY = "1,2";
				TEST_HOST = "$(BUILT_PRODUCTS_DIR)/OpenSleepSounds.app/$(BUNDLE_EXECUTABLE_FOLDER_PATH)/OpenSleepSounds";
			};
			name = Release;
		};
		E0D32AC32B61B9A7001E6A16 /* Debug */ = {
			isa = XCBuildConfiguration;
			buildSettings = {
				ALWAYS_EMBED_SWIFT_STANDARD_LIBRARIES = YES;
				CODE_SIGN_STYLE = Automatic;
				CURRENT_PROJECT_VERSION = 5;
				DEVELOPMENT_TEAM = VQGZ978Q6B;
				GENERATE_INFOPLIST_FILE = YES;
				IPHONEOS_DEPLOYMENT_TARGET = 17.0;
				MACOSX_DEPLOYMENT_TARGET = "$(RECOMMENDED_MACOSX_DEPLOYMENT_TARGET)";
				MARKETING_VERSION = 1.0;
				PRODUCT_BUNDLE_IDENTIFIER = com.hamilton.LiveLedger.OpenSleepSoundsUITests;
				PRODUCT_NAME = "$(TARGET_NAME)";
				SDKROOT = auto;
				SUPPORTED_PLATFORMS = "iphoneos iphonesimulator";
				SUPPORTS_MACCATALYST = NO;
				SWIFT_EMIT_LOC_STRINGS = NO;
				SWIFT_VERSION = 5.0;
				TARGETED_DEVICE_FAMILY = "1,2";
				TEST_TARGET_NAME = OpenSleepSounds;
			};
			name = Debug;
		};
		E0D32AC42B61B9A7001E6A16 /* Release */ = {
			isa = XCBuildConfiguration;
			buildSettings = {
				ALWAYS_EMBED_SWIFT_STANDARD_LIBRARIES = YES;
				CODE_SIGN_STYLE = Automatic;
				CURRENT_PROJECT_VERSION = 5;
				DEVELOPMENT_TEAM = VQGZ978Q6B;
				GENERATE_INFOPLIST_FILE = YES;
				IPHONEOS_DEPLOYMENT_TARGET = 17.0;
				MACOSX_DEPLOYMENT_TARGET = "$(RECOMMENDED_MACOSX_DEPLOYMENT_TARGET)";
				MARKETING_VERSION = 1.0;
				PRODUCT_BUNDLE_IDENTIFIER = com.hamilton.LiveLedger.OpenSleepSoundsUITests;
				PRODUCT_NAME = "$(TARGET_NAME)";
				SDKROOT = auto;
				SUPPORTED_PLATFORMS = "iphoneos iphonesimulator";
				SUPPORTS_MACCATALYST = NO;
				SWIFT_EMIT_LOC_STRINGS = NO;
				SWIFT_VERSION = 5.0;
				TARGETED_DEVICE_FAMILY = "1,2";
				TEST_TARGET_NAME = OpenSleepSounds;
			};
			name = Release;
		};
/* End XCBuildConfiguration section */

/* Begin XCConfigurationList section */
		E0123F222B777AFB004690DB /* Build configuration list for PBXNativeTarget "Snapshots" */ = {
			isa = XCConfigurationList;
			buildConfigurations = (
				E0123F232B777AFB004690DB /* Debug */,
				E0123F242B777AFB004690DB /* Release */,
			);
			defaultConfigurationIsVisible = 0;
			defaultConfigurationName = Release;
		};
		E0D32A902B61B9A3001E6A16 /* Build configuration list for PBXProject "OpenSleepSounds" */ = {
			isa = XCConfigurationList;
			buildConfigurations = (
				E0D32ABA2B61B9A7001E6A16 /* Debug */,
				E0D32ABB2B61B9A7001E6A16 /* Release */,
			);
			defaultConfigurationIsVisible = 0;
			defaultConfigurationName = Release;
		};
		E0D32ABC2B61B9A7001E6A16 /* Build configuration list for PBXNativeTarget "OpenSleepSounds" */ = {
			isa = XCConfigurationList;
			buildConfigurations = (
				E0D32ABD2B61B9A7001E6A16 /* Debug */,
				E0D32ABE2B61B9A7001E6A16 /* Release */,
			);
			defaultConfigurationIsVisible = 0;
			defaultConfigurationName = Release;
		};
		E0D32ABF2B61B9A7001E6A16 /* Build configuration list for PBXNativeTarget "OpenSleepSoundsTests" */ = {
			isa = XCConfigurationList;
			buildConfigurations = (
				E0D32AC02B61B9A7001E6A16 /* Debug */,
				E0D32AC12B61B9A7001E6A16 /* Release */,
			);
			defaultConfigurationIsVisible = 0;
			defaultConfigurationName = Release;
		};
		E0D32AC22B61B9A7001E6A16 /* Build configuration list for PBXNativeTarget "OpenSleepSoundsUITests" */ = {
			isa = XCConfigurationList;
			buildConfigurations = (
				E0D32AC32B61B9A7001E6A16 /* Debug */,
				E0D32AC42B61B9A7001E6A16 /* Release */,
			);
			defaultConfigurationIsVisible = 0;
			defaultConfigurationName = Release;
		};
/* End XCConfigurationList section */

/* Begin XCRemoteSwiftPackageReference section */
		E0884A872B61FFD8008F3829 /* XCRemoteSwiftPackageReference "SwiftySound" */ = {
			isa = XCRemoteSwiftPackageReference;
			repositoryURL = "https://github.com/adamcichy/SwiftySound.git";
			requirement = {
				kind = upToNextMajorVersion;
				minimumVersion = 1.2.0;
			};
		};
/* End XCRemoteSwiftPackageReference section */

/* Begin XCSwiftPackageProductDependency section */
		E0884A882B61FFD8008F3829 /* SwiftySound */ = {
			isa = XCSwiftPackageProductDependency;
			package = E0884A872B61FFD8008F3829 /* XCRemoteSwiftPackageReference "SwiftySound" */;
			productName = SwiftySound;
		};
/* End XCSwiftPackageProductDependency section */
	};
	rootObject = E0D32A8D2B61B9A3001E6A16 /* Project object */;
}
